
Microsoft Visual Studio Solution File, Format Version 12.00
# Visual Studio Version 16
VisualStudioVersion = 16.0.31005.135
MinimumVisualStudioVersion = 10.0.40219.1
Project("{FAE04EC0-301F-11D3-BF4B-00C04F79EFBC}") = "Demo", "Demo\Demo.csproj", "{EF345B90-6E06-436E-90C0-F83A7327E8D9}"
EndProject
Project("{FAE04EC0-301F-11D3-BF4B-00C04F79EFBC}") = "Demo.Tests", "Demo.Tests\Demo.Tests.csproj", "{903D55FF-B117-4F40-9B64-51D6C170C566}"
EndProject
Global
	GlobalSection(SolutionConfigurationPlatforms) = preSolution
		Debug|Any CPU = Debug|Any CPU
		Release|Any CPU = Release|Any CPU
	EndGlobalSection
	GlobalSection(ProjectConfigurationPlatforms) = postSolution
		{EF345B90-6E06-436E-90C0-F83A7327E8D9}.Debug|Any CPU.ActiveCfg = Debug|Any CPU
		{EF345B90-6E06-436E-90C0-F83A7327E8D9}.Debug|Any CPU.Build.0 = Debug|Any CPU
		{EF345B90-6E06-436E-90C0-F83A7327E8D9}.Release|Any CPU.ActiveCfg = Release|Any CPU
		{EF345B90-6E06-436E-90C0-F83A7327E8D9}.Release|Any CPU.Build.0 = Release|Any CPU
		{903D55FF-B117-4F40-9B64-51D6C170C566}.Debug|Any CPU.ActiveCfg = Debug|Any CPU
		{903D55FF-B117-4F40-9B64-51D6C170C566}.Debug|Any CPU.Build.0 = Debug|Any CPU
		{903D55FF-B117-4F40-9B64-51D6C170C566}.Release|Any CPU.ActiveCfg = Release|Any CPU
		{903D55FF-B117-4F40-9B64-51D6C170C566}.Release|Any CPU.Build.0 = Release|Any CPU
	EndGlobalSection
	GlobalSection(SolutionProperties) = preSolution
		HideSolutionNode = FALSE
	EndGlobalSection
	GlobalSection(ExtensibilityGlobals) = postSolution
		SolutionGuid = {5F8CDA5D-E8D9-4755-849D-0971CA9531CC}
	EndGlobalSection
EndGlobal
