
Microsoft Visual Studio Solution File, Format Version 12.00
# Visual Studio Version 16
VisualStudioVersion = 16.0.31112.23
MinimumVisualStudioVersion = 10.0.40219.1
Project("{FAE04EC0-301F-11D3-BF4B-00C04F79EFBC}") = "Bootcamp lesson one homework - BMI", "Bootcamp lesson one homework - BMI\Bootcamp lesson one homework - BMI.csproj", "{E8DDAD84-D4C0-49C1-8DDB-E890302EA9DE}"
EndProject
Global
	GlobalSection(SolutionConfigurationPlatforms) = preSolution
		Debug|Any CPU = Debug|Any CPU
		Release|Any CPU = Release|Any CPU
	EndGlobalSection
	GlobalSection(ProjectConfigurationPlatforms) = postSolution
		{E8DDAD84-D4C0-49C1-8DDB-E890302EA9DE}.Debug|Any CPU.ActiveCfg = Debug|Any CPU
		{E8DDAD84-D4C0-49C1-8DDB-E890302EA9DE}.Debug|Any CPU.Build.0 = Debug|Any CPU
		{E8DDAD84-D4C0-49C1-8DDB-E890302EA9DE}.Release|Any CPU.ActiveCfg = Release|Any CPU
		{E8DDAD84-D4C0-49C1-8DDB-E890302EA9DE}.Release|Any CPU.Build.0 = Release|Any CPU
	EndGlobalSection
	GlobalSection(SolutionProperties) = preSolution
		HideSolutionNode = FALSE
	EndGlobalSection
	GlobalSection(ExtensibilityGlobals) = postSolution
		SolutionGuid = {A9CDA756-BCC1-44EB-B678-BF3800FC3124}
	EndGlobalSection
EndGlobal
