
Microsoft Visual Studio Solution File, Format Version 12.00
# Visual Studio Version 16
VisualStudioVersion = 16.0.31005.135
MinimumVisualStudioVersion = 10.0.40219.1
Project("{FAE04EC0-301F-11D3-BF4B-00C04F79EFBC}") = "RecipeApp.Client", "RecipeApp.Client\RecipeApp.Client.csproj", "{B2209BB0-B2EF-4EEC-A479-65E4858FD26B}"
EndProject
Project("{FAE04EC0-301F-11D3-BF4B-00C04F79EFBC}") = "RecipeApp.Core", "RecipeApp.Core\RecipeApp.Core.csproj", "{37E3E9AA-CEB7-43DB-B2D0-59D39496A22F}"
EndProject
Global
	GlobalSection(SolutionConfigurationPlatforms) = preSolution
		Debug|Any CPU = Debug|Any CPU
		Release|Any CPU = Release|Any CPU
	EndGlobalSection
	GlobalSection(ProjectConfigurationPlatforms) = postSolution
		{B2209BB0-B2EF-4EEC-A479-65E4858FD26B}.Debug|Any CPU.ActiveCfg = Debug|Any CPU
		{B2209BB0-B2EF-4EEC-A479-65E4858FD26B}.Debug|Any CPU.Build.0 = Debug|Any CPU
		{B2209BB0-B2EF-4EEC-A479-65E4858FD26B}.Release|Any CPU.ActiveCfg = Release|Any CPU
		{B2209BB0-B2EF-4EEC-A479-65E4858FD26B}.Release|Any CPU.Build.0 = Release|Any CPU
		{37E3E9AA-CEB7-43DB-B2D0-59D39496A22F}.Debug|Any CPU.ActiveCfg = Debug|Any CPU
		{37E3E9AA-CEB7-43DB-B2D0-59D39496A22F}.Debug|Any CPU.Build.0 = Debug|Any CPU
		{37E3E9AA-CEB7-43DB-B2D0-59D39496A22F}.Release|Any CPU.ActiveCfg = Release|Any CPU
		{37E3E9AA-CEB7-43DB-B2D0-59D39496A22F}.Release|Any CPU.Build.0 = Release|Any CPU
	EndGlobalSection
	GlobalSection(SolutionProperties) = preSolution
		HideSolutionNode = FALSE
	EndGlobalSection
	GlobalSection(ExtensibilityGlobals) = postSolution
		SolutionGuid = {49AD35CF-C1C3-4BBF-A959-8D9BE1674647}
	EndGlobalSection
EndGlobal
