
Microsoft Visual Studio Solution File, Format Version 12.00
# Visual Studio Version 16
VisualStudioVersion = 16.0.31005.135
MinimumVisualStudioVersion = 10.0.40219.1
Project("{9A19103F-16F7-4668-BE54-9A1E7A4F7556}") = "RecipeApp", "RecipeApp\RecipeApp.csproj", "{A5D870DC-2EDE-4F53-9051-CB53A26C7FB7}"
EndProject
Global
	GlobalSection(SolutionConfigurationPlatforms) = preSolution
		Debug|Any CPU = Debug|Any CPU
		Release|Any CPU = Release|Any CPU
	EndGlobalSection
	GlobalSection(ProjectConfigurationPlatforms) = postSolution
		{A5D870DC-2EDE-4F53-9051-CB53A26C7FB7}.Debug|Any CPU.ActiveCfg = Debug|Any CPU
		{A5D870DC-2EDE-4F53-9051-CB53A26C7FB7}.Debug|Any CPU.Build.0 = Debug|Any CPU
		{A5D870DC-2EDE-4F53-9051-CB53A26C7FB7}.Release|Any CPU.ActiveCfg = Release|Any CPU
		{A5D870DC-2EDE-4F53-9051-CB53A26C7FB7}.Release|Any CPU.Build.0 = Release|Any CPU
	EndGlobalSection
	GlobalSection(SolutionProperties) = preSolution
		HideSolutionNode = FALSE
	EndGlobalSection
	GlobalSection(ExtensibilityGlobals) = postSolution
		SolutionGuid = {49AD35CF-C1C3-4BBF-A959-8D9BE1674647}
	EndGlobalSection
EndGlobal
