
Microsoft Visual Studio Solution File, Format Version 12.00
# Visual Studio Version 16
VisualStudioVersion = 16.0.31129.286
MinimumVisualStudioVersion = 10.0.40219.1
Project("{FAE04EC0-301F-11D3-BF4B-00C04F79EFBC}") = "BMI Calculator", "BMI Calculator\BMI Calculator.csproj", "{FA3BEEDD-8E1A-451D-A5C4-B86F9D689142}"
EndProject
Global
	GlobalSection(SolutionConfigurationPlatforms) = preSolution
		Debug|Any CPU = Debug|Any CPU
		Release|Any CPU = Release|Any CPU
	EndGlobalSection
	GlobalSection(ProjectConfigurationPlatforms) = postSolution
		{FA3BEEDD-8E1A-451D-A5C4-B86F9D689142}.Debug|Any CPU.ActiveCfg = Debug|Any CPU
		{FA3BEEDD-8E1A-451D-A5C4-B86F9D689142}.Debug|Any CPU.Build.0 = Debug|Any CPU
		{FA3BEEDD-8E1A-451D-A5C4-B86F9D689142}.Release|Any CPU.ActiveCfg = Release|Any CPU
		{FA3BEEDD-8E1A-451D-A5C4-B86F9D689142}.Release|Any CPU.Build.0 = Release|Any CPU
	EndGlobalSection
	GlobalSection(SolutionProperties) = preSolution
		HideSolutionNode = FALSE
	EndGlobalSection
	GlobalSection(ExtensibilityGlobals) = postSolution
		SolutionGuid = {9756DD97-CB70-4A82-8DF4-CC3512E9AACA}
	EndGlobalSection
EndGlobal
