
Microsoft Visual Studio Solution File, Format Version 12.00
# Visual Studio Version 16
VisualStudioVersion = 16.0.31112.23
MinimumVisualStudioVersion = 10.0.40219.1
Project("{FAE04EC0-301F-11D3-BF4B-00C04F79EFBC}") = "Homework_1", "Homework_1\Homework_1.csproj", "{3AFCAB8A-D64F-46BA-A3A8-D03F1CEA8A36}"
EndProject
Global
	GlobalSection(SolutionConfigurationPlatforms) = preSolution
		Debug|Any CPU = Debug|Any CPU
		Release|Any CPU = Release|Any CPU
	EndGlobalSection
	GlobalSection(ProjectConfigurationPlatforms) = postSolution
		{3AFCAB8A-D64F-46BA-A3A8-D03F1CEA8A36}.Debug|Any CPU.ActiveCfg = Debug|Any CPU
		{3AFCAB8A-D64F-46BA-A3A8-D03F1CEA8A36}.Debug|Any CPU.Build.0 = Debug|Any CPU
		{3AFCAB8A-D64F-46BA-A3A8-D03F1CEA8A36}.Release|Any CPU.ActiveCfg = Release|Any CPU
		{3AFCAB8A-D64F-46BA-A3A8-D03F1CEA8A36}.Release|Any CPU.Build.0 = Release|Any CPU
	EndGlobalSection
	GlobalSection(SolutionProperties) = preSolution
		HideSolutionNode = FALSE
	EndGlobalSection
	GlobalSection(ExtensibilityGlobals) = postSolution
		SolutionGuid = {F0EB1388-DB15-4378-87DB-74935EBD4AF0}
	EndGlobalSection
EndGlobal
