
Microsoft Visual Studio Solution File, Format Version 12.00
# Visual Studio Version 16
VisualStudioVersion = 16.0.31129.286
MinimumVisualStudioVersion = 10.0.40219.1
Project("{FAE04EC0-301F-11D3-BF4B-00C04F79EFBC}") = "Joedmin-hw3", "Joedmin-hw3\Joedmin-hw3.csproj", "{526ECAAB-9CAE-4E65-A1DD-94885024DFAA}"
EndProject
Global
	GlobalSection(SolutionConfigurationPlatforms) = preSolution
		Debug|Any CPU = Debug|Any CPU
		Release|Any CPU = Release|Any CPU
	EndGlobalSection
	GlobalSection(ProjectConfigurationPlatforms) = postSolution
		{526ECAAB-9CAE-4E65-A1DD-94885024DFAA}.Debug|Any CPU.ActiveCfg = Debug|Any CPU
		{526ECAAB-9CAE-4E65-A1DD-94885024DFAA}.Debug|Any CPU.Build.0 = Debug|Any CPU
		{526ECAAB-9CAE-4E65-A1DD-94885024DFAA}.Release|Any CPU.ActiveCfg = Release|Any CPU
		{526ECAAB-9CAE-4E65-A1DD-94885024DFAA}.Release|Any CPU.Build.0 = Release|Any CPU
	EndGlobalSection
	GlobalSection(SolutionProperties) = preSolution
		HideSolutionNode = FALSE
	EndGlobalSection
	GlobalSection(ExtensibilityGlobals) = postSolution
		SolutionGuid = {455E4632-261B-4C50-8F81-DE70DB433F58}
	EndGlobalSection
EndGlobal
