
Microsoft Visual Studio Solution File, Format Version 12.00
# Visual Studio Version 17
VisualStudioVersion = 17.0.31521.260
MinimumVisualStudioVersion = 10.0.40219.1
Project("{FAE04EC0-301F-11D3-BF4B-00C04F79EFBC}") = "Homework3", "Homework3\Homework3.csproj", "{604B7F50-05D9-47D2-8AFF-7EEAB209FE1B}"
EndProject
Global
	GlobalSection(SolutionConfigurationPlatforms) = preSolution
		Debug|Any CPU = Debug|Any CPU
		Release|Any CPU = Release|Any CPU
	EndGlobalSection
	GlobalSection(ProjectConfigurationPlatforms) = postSolution
		{604B7F50-05D9-47D2-8AFF-7EEAB209FE1B}.Debug|Any CPU.ActiveCfg = Debug|Any CPU
		{604B7F50-05D9-47D2-8AFF-7EEAB209FE1B}.Debug|Any CPU.Build.0 = Debug|Any CPU
		{604B7F50-05D9-47D2-8AFF-7EEAB209FE1B}.Release|Any CPU.ActiveCfg = Release|Any CPU
		{604B7F50-05D9-47D2-8AFF-7EEAB209FE1B}.Release|Any CPU.Build.0 = Release|Any CPU
	EndGlobalSection
	GlobalSection(SolutionProperties) = preSolution
		HideSolutionNode = FALSE
	EndGlobalSection
	GlobalSection(ExtensibilityGlobals) = postSolution
		SolutionGuid = {F7AA3342-9C05-409B-9A55-01278BC0D95E}
	EndGlobalSection
EndGlobal
