
Microsoft Visual Studio Solution File, Format Version 12.00
# Visual Studio Version 16
VisualStudioVersion = 16.0.30907.101
MinimumVisualStudioVersion = 10.0.40219.1
Project("{FAE04EC0-301F-11D3-BF4B-00C04F79EFBC}") = "ControlFlowArraysAndStrings", "ControlFlowArraysAndStrings\ControlFlowArraysAndStrings.csproj", "{B21FA2A2-9DAD-48B1-8771-10C983FD4E0F}"
EndProject
Global
	GlobalSection(SolutionConfigurationPlatforms) = preSolution
		Debug|Any CPU = Debug|Any CPU
		Release|Any CPU = Release|Any CPU
	EndGlobalSection
	GlobalSection(ProjectConfigurationPlatforms) = postSolution
		{B21FA2A2-9DAD-48B1-8771-10C983FD4E0F}.Debug|Any CPU.ActiveCfg = Debug|Any CPU
		{B21FA2A2-9DAD-48B1-8771-10C983FD4E0F}.Debug|Any CPU.Build.0 = Debug|Any CPU
		{B21FA2A2-9DAD-48B1-8771-10C983FD4E0F}.Release|Any CPU.ActiveCfg = Release|Any CPU
		{B21FA2A2-9DAD-48B1-8771-10C983FD4E0F}.Release|Any CPU.Build.0 = Release|Any CPU
	EndGlobalSection
	GlobalSection(SolutionProperties) = preSolution
		HideSolutionNode = FALSE
	EndGlobalSection
	GlobalSection(ExtensibilityGlobals) = postSolution
		SolutionGuid = {A4A05144-D8D4-4904-9BCF-4F946E602E95}
	EndGlobalSection
EndGlobal
