
Microsoft Visual Studio Solution File, Format Version 12.00
# Visual Studio Version 17
VisualStudioVersion = 17.0.31521.260
MinimumVisualStudioVersion = 10.0.40219.1
Project("{FAE04EC0-301F-11D3-BF4B-00C04F79EFBC}") = "Homework2", "Homework2\Homework2.csproj", "{35E32EF5-F324-427F-84F0-D16EAE3AAB7E}"
EndProject
Global
	GlobalSection(SolutionConfigurationPlatforms) = preSolution
		Debug|Any CPU = Debug|Any CPU
		Release|Any CPU = Release|Any CPU
	EndGlobalSection
	GlobalSection(ProjectConfigurationPlatforms) = postSolution
		{35E32EF5-F324-427F-84F0-D16EAE3AAB7E}.Debug|Any CPU.ActiveCfg = Debug|Any CPU
		{35E32EF5-F324-427F-84F0-D16EAE3AAB7E}.Debug|Any CPU.Build.0 = Debug|Any CPU
		{35E32EF5-F324-427F-84F0-D16EAE3AAB7E}.Release|Any CPU.ActiveCfg = Release|Any CPU
		{35E32EF5-F324-427F-84F0-D16EAE3AAB7E}.Release|Any CPU.Build.0 = Release|Any CPU
	EndGlobalSection
	GlobalSection(SolutionProperties) = preSolution
		HideSolutionNode = FALSE
	EndGlobalSection
	GlobalSection(ExtensibilityGlobals) = postSolution
		SolutionGuid = {B65FEDC8-FD0D-4688-AC6F-00B3A6642828}
	EndGlobalSection
EndGlobal
