
Microsoft Visual Studio Solution File, Format Version 12.00
# Visual Studio Version 16
VisualStudioVersion = 16.0.31005.135
MinimumVisualStudioVersion = 10.0.40219.1
Project("{FAE04EC0-301F-11D3-BF4B-00C04F79EFBC}") = "RecipeApp", "RecipeApp\RecipeApp.csproj", "{B8071649-8131-4A2B-A583-4135BCA79F14}"
EndProject
Global
	GlobalSection(SolutionConfigurationPlatforms) = preSolution
		Debug|Any CPU = Debug|Any CPU
		Release|Any CPU = Release|Any CPU
	EndGlobalSection
	GlobalSection(ProjectConfigurationPlatforms) = postSolution
		{B8071649-8131-4A2B-A583-4135BCA79F14}.Debug|Any CPU.ActiveCfg = Debug|Any CPU
		{B8071649-8131-4A2B-A583-4135BCA79F14}.Debug|Any CPU.Build.0 = Debug|Any CPU
		{B8071649-8131-4A2B-A583-4135BCA79F14}.Release|Any CPU.ActiveCfg = Release|Any CPU
		{B8071649-8131-4A2B-A583-4135BCA79F14}.Release|Any CPU.Build.0 = Release|Any CPU
	EndGlobalSection
	GlobalSection(SolutionProperties) = preSolution
		HideSolutionNode = FALSE
	EndGlobalSection
	GlobalSection(ExtensibilityGlobals) = postSolution
		SolutionGuid = {49AD35CF-C1C3-4BBF-A959-8D9BE1674647}
	EndGlobalSection
EndGlobal
