
Microsoft Visual Studio Solution File, Format Version 12.00
# Visual Studio Version 16
VisualStudioVersion = 16.0.31105.61
MinimumVisualStudioVersion = 10.0.40219.1
Project("{FAE04EC0-301F-11D3-BF4B-00C04F79EFBC}") = "RecipeApp", "RecipeApp\RecipeApp.csproj", "{78172412-D225-496A-ADCD-A5F5759CCCCD}"
EndProject
Global
	GlobalSection(SolutionConfigurationPlatforms) = preSolution
		Debug|Any CPU = Debug|Any CPU
		Release|Any CPU = Release|Any CPU
	EndGlobalSection
	GlobalSection(ProjectConfigurationPlatforms) = postSolution
		{78172412-D225-496A-ADCD-A5F5759CCCCD}.Debug|Any CPU.ActiveCfg = Debug|Any CPU
		{78172412-D225-496A-ADCD-A5F5759CCCCD}.Debug|Any CPU.Build.0 = Debug|Any CPU
		{78172412-D225-496A-ADCD-A5F5759CCCCD}.Release|Any CPU.ActiveCfg = Release|Any CPU
		{78172412-D225-496A-ADCD-A5F5759CCCCD}.Release|Any CPU.Build.0 = Release|Any CPU
	EndGlobalSection
	GlobalSection(SolutionProperties) = preSolution
		HideSolutionNode = FALSE
	EndGlobalSection
	GlobalSection(ExtensibilityGlobals) = postSolution
		SolutionGuid = {BA319441-E1CE-42BF-A7B6-73278197B600}
	EndGlobalSection
EndGlobal
